
Microsoft Visual Studio Solution File, Format Version 12.00
# Visual Studio Version 17
VisualStudioVersion = 17.8.34511.84
MinimumVisualStudioVersion = 10.0.40219.1
Project("{2150E333-8FDC-42A3-9474-1A3956D46DE8}") = "Solution Items", "Solution Items", "{FFA1AA4F-12CB-4C03-BC47-5556C44252D9}"
	ProjectSection(SolutionItems) = preProject
		.runsettings = .runsettings
	EndProjectSection
EndProject
Project("{9A19103F-16F7-4668-BE54-9A1E7A4F7556}") = "AsyJob.Lib", "AsyJob.Lib\AsyJob.Lib.csproj", "{1B631660-3A46-4136-AAC3-E80CF2BBB3EF}"
EndProject
Project("{9A19103F-16F7-4668-BE54-9A1E7A4F7556}") = "AsyJob.Lib.Tests", "AsyJob.Lib.Tests\AsyJob.Lib.Tests.csproj", "{9D6E7678-64A1-4F8D-B0D6-30D75AB9AFA4}"
EndProject
Project("{9A19103F-16F7-4668-BE54-9A1E7A4F7556}") = "AsyJob.Web", "AsyJob.Web\AsyJob.Web.csproj", "{BEE34B6D-11B5-4570-9971-88BE052C86D7}"
EndProject
Project("{9A19103F-16F7-4668-BE54-9A1E7A4F7556}") = "AsyJob.Web.Tests", "AsyJob.Web.Tests\AsyJob.Web.Tests.csproj", "{D38BE96A-5880-49BD-8CED-B454A2C54E0F}"
EndProject
Project("{FAE04EC0-301F-11D3-BF4B-00C04F79EFBC}") = "AsyJob.Lib.Client", "AsyJob.Lib.Client\AsyJob.Lib.Client.csproj", "{B7D48CD1-6BC2-4271-AC6C-951C1A3DF33F}"
EndProject
Project("{FAE04EC0-301F-11D3-BF4B-00C04F79EFBC}") = "AsyJob.Lib.Client.Abstract", "AsyJob.Lib.Client.Abstract\AsyJob.Lib.Client.Abstract.csproj", "{A917DA8C-D3FF-41B9-B73D-68CA037D41A3}"
EndProject
Global
	GlobalSection(SolutionConfigurationPlatforms) = preSolution
		Debug|Any CPU = Debug|Any CPU
		Release|Any CPU = Release|Any CPU
	EndGlobalSection
	GlobalSection(ProjectConfigurationPlatforms) = postSolution
		{1B631660-3A46-4136-AAC3-E80CF2BBB3EF}.Debug|Any CPU.ActiveCfg = Debug|Any CPU
		{1B631660-3A46-4136-AAC3-E80CF2BBB3EF}.Debug|Any CPU.Build.0 = Debug|Any CPU
		{1B631660-3A46-4136-AAC3-E80CF2BBB3EF}.Release|Any CPU.ActiveCfg = Release|Any CPU
		{1B631660-3A46-4136-AAC3-E80CF2BBB3EF}.Release|Any CPU.Build.0 = Release|Any CPU
		{9D6E7678-64A1-4F8D-B0D6-30D75AB9AFA4}.Debug|Any CPU.ActiveCfg = Debug|Any CPU
		{9D6E7678-64A1-4F8D-B0D6-30D75AB9AFA4}.Debug|Any CPU.Build.0 = Debug|Any CPU
		{9D6E7678-64A1-4F8D-B0D6-30D75AB9AFA4}.Release|Any CPU.ActiveCfg = Release|Any CPU
		{9D6E7678-64A1-4F8D-B0D6-30D75AB9AFA4}.Release|Any CPU.Build.0 = Release|Any CPU
		{BEE34B6D-11B5-4570-9971-88BE052C86D7}.Debug|Any CPU.ActiveCfg = Debug|Any CPU
		{BEE34B6D-11B5-4570-9971-88BE052C86D7}.Debug|Any CPU.Build.0 = Debug|Any CPU
		{BEE34B6D-11B5-4570-9971-88BE052C86D7}.Release|Any CPU.ActiveCfg = Release|Any CPU
		{BEE34B6D-11B5-4570-9971-88BE052C86D7}.Release|Any CPU.Build.0 = Release|Any CPU
		{D38BE96A-5880-49BD-8CED-B454A2C54E0F}.Debug|Any CPU.ActiveCfg = Debug|Any CPU
		{D38BE96A-5880-49BD-8CED-B454A2C54E0F}.Debug|Any CPU.Build.0 = Debug|Any CPU
		{D38BE96A-5880-49BD-8CED-B454A2C54E0F}.Release|Any CPU.ActiveCfg = Release|Any CPU
		{D38BE96A-5880-49BD-8CED-B454A2C54E0F}.Release|Any CPU.Build.0 = Release|Any CPU
		{B7D48CD1-6BC2-4271-AC6C-951C1A3DF33F}.Debug|Any CPU.ActiveCfg = Debug|Any CPU
		{B7D48CD1-6BC2-4271-AC6C-951C1A3DF33F}.Debug|Any CPU.Build.0 = Debug|Any CPU
		{B7D48CD1-6BC2-4271-AC6C-951C1A3DF33F}.Release|Any CPU.ActiveCfg = Release|Any CPU
		{B7D48CD1-6BC2-4271-AC6C-951C1A3DF33F}.Release|Any CPU.Build.0 = Release|Any CPU
		{A917DA8C-D3FF-41B9-B73D-68CA037D41A3}.Debug|Any CPU.ActiveCfg = Debug|Any CPU
		{A917DA8C-D3FF-41B9-B73D-68CA037D41A3}.Debug|Any CPU.Build.0 = Debug|Any CPU
		{A917DA8C-D3FF-41B9-B73D-68CA037D41A3}.Release|Any CPU.ActiveCfg = Release|Any CPU
		{A917DA8C-D3FF-41B9-B73D-68CA037D41A3}.Release|Any CPU.Build.0 = Release|Any CPU
	EndGlobalSection
	GlobalSection(SolutionProperties) = preSolution
		HideSolutionNode = FALSE
	EndGlobalSection
	GlobalSection(ExtensibilityGlobals) = postSolution
		SolutionGuid = {871C95CC-B296-4D48-BD88-67DC947252A1}
	EndGlobalSection
EndGlobal
