
Microsoft Visual Studio Solution File, Format Version 12.00
# Visual Studio Version 17
VisualStudioVersion = 17.8.34511.84
MinimumVisualStudioVersion = 10.0.40219.1
Project("{9A19103F-16F7-4668-BE54-9A1E7A4F7556}") = "AsyJob", "AsyJob\AsyJob.csproj", "{CE46996C-403C-4DA9-857F-C543BDEDBAF5}"
EndProject
Project("{9A19103F-16F7-4668-BE54-9A1E7A4F7556}") = "AsyJob.Tests", "AsyJob.Tests\AsyJob.Tests.csproj", "{7D16C5C8-C9E0-4A1A-8B4B-C6B94D75C3CA}"
EndProject
Project("{2150E333-8FDC-42A3-9474-1A3956D46DE8}") = "Solution Items", "Solution Items", "{FFA1AA4F-12CB-4C03-BC47-5556C44252D9}"
	ProjectSection(SolutionItems) = preProject
		.runsettings = .runsettings
	EndProjectSection
EndProject
Project("{FAE04EC0-301F-11D3-BF4B-00C04F79EFBC}") = "AsyJob.Lib", "AsyJob.Lib\AsyJob.Lib.csproj", "{07157ACA-9DBE-407E-B5A2-A991B661A3DB}"
EndProject
Project("{FAE04EC0-301F-11D3-BF4B-00C04F79EFBC}") = "AsyJob.Lib.Tests", "AsyJob.Lib.Tests\AsyJob.Lib.Tests.csproj", "{B8892195-5DBC-4359-85F6-C746E8B84DAE}"
EndProject
Global
	GlobalSection(SolutionConfigurationPlatforms) = preSolution
		Debug|Any CPU = Debug|Any CPU
		Release|Any CPU = Release|Any CPU
	EndGlobalSection
	GlobalSection(ProjectConfigurationPlatforms) = postSolution
		{CE46996C-403C-4DA9-857F-C543BDEDBAF5}.Debug|Any CPU.ActiveCfg = Debug|Any CPU
		{CE46996C-403C-4DA9-857F-C543BDEDBAF5}.Debug|Any CPU.Build.0 = Debug|Any CPU
		{CE46996C-403C-4DA9-857F-C543BDEDBAF5}.Release|Any CPU.ActiveCfg = Release|Any CPU
		{CE46996C-403C-4DA9-857F-C543BDEDBAF5}.Release|Any CPU.Build.0 = Release|Any CPU
		{7D16C5C8-C9E0-4A1A-8B4B-C6B94D75C3CA}.Debug|Any CPU.ActiveCfg = Debug|Any CPU
		{7D16C5C8-C9E0-4A1A-8B4B-C6B94D75C3CA}.Debug|Any CPU.Build.0 = Debug|Any CPU
		{7D16C5C8-C9E0-4A1A-8B4B-C6B94D75C3CA}.Release|Any CPU.ActiveCfg = Release|Any CPU
		{7D16C5C8-C9E0-4A1A-8B4B-C6B94D75C3CA}.Release|Any CPU.Build.0 = Release|Any CPU
		{07157ACA-9DBE-407E-B5A2-A991B661A3DB}.Debug|Any CPU.ActiveCfg = Debug|Any CPU
		{07157ACA-9DBE-407E-B5A2-A991B661A3DB}.Debug|Any CPU.Build.0 = Debug|Any CPU
		{07157ACA-9DBE-407E-B5A2-A991B661A3DB}.Release|Any CPU.ActiveCfg = Release|Any CPU
		{07157ACA-9DBE-407E-B5A2-A991B661A3DB}.Release|Any CPU.Build.0 = Release|Any CPU
		{B8892195-5DBC-4359-85F6-C746E8B84DAE}.Debug|Any CPU.ActiveCfg = Debug|Any CPU
		{B8892195-5DBC-4359-85F6-C746E8B84DAE}.Debug|Any CPU.Build.0 = Debug|Any CPU
		{B8892195-5DBC-4359-85F6-C746E8B84DAE}.Release|Any CPU.ActiveCfg = Release|Any CPU
		{B8892195-5DBC-4359-85F6-C746E8B84DAE}.Release|Any CPU.Build.0 = Release|Any CPU
	EndGlobalSection
	GlobalSection(SolutionProperties) = preSolution
		HideSolutionNode = FALSE
	EndGlobalSection
	GlobalSection(ExtensibilityGlobals) = postSolution
		SolutionGuid = {871C95CC-B296-4D48-BD88-67DC947252A1}
	EndGlobalSection
EndGlobal
